
Microsoft Visual Studio Solution File, Format Version 12.00
# Visual Studio Version 16
VisualStudioVersion = 16.0.30204.135
MinimumVisualStudioVersion = 10.0.40219.1
Project("{FAE04EC0-301F-11D3-BF4B-00C04F79EFBC}") = "SistemaSase", "SistemaSase\SistemaSase.csproj", "{0A08480F-B467-4767-AB71-9326A822683B}"
EndProject
Global
	GlobalSection(SolutionConfigurationPlatforms) = preSolution
		Debug|Any CPU = Debug|Any CPU
		Release|Any CPU = Release|Any CPU
	EndGlobalSection
	GlobalSection(ProjectConfigurationPlatforms) = postSolution
		{0A08480F-B467-4767-AB71-9326A822683B}.Debug|Any CPU.ActiveCfg = Debug|Any CPU
		{0A08480F-B467-4767-AB71-9326A822683B}.Debug|Any CPU.Build.0 = Debug|Any CPU
		{0A08480F-B467-4767-AB71-9326A822683B}.Release|Any CPU.ActiveCfg = Release|Any CPU
		{0A08480F-B467-4767-AB71-9326A822683B}.Release|Any CPU.Build.0 = Release|Any CPU
	EndGlobalSection
	GlobalSection(SolutionProperties) = preSolution
		HideSolutionNode = FALSE
	EndGlobalSection
	GlobalSection(ExtensibilityGlobals) = postSolution
		SolutionGuid = {76812C2E-C09A-4C47-A46E-3DD4CB9D2F3E}
	EndGlobalSection
EndGlobal
